
Microsoft Visual Studio Solution File, Format Version 12.00
# Visual Studio 14
VisualStudioVersion = 14.0.23107.0
MinimumVisualStudioVersion = 10.0.40219.1
Project("{8BC9CEB8-8B4A-11D0-8D11-00A0C91BC942}") = "xplugin", "xplugin\xplugin.vcxproj", "{9C1496E8-3922-4160-82C2-12DB9A85C358}"
EndProject
Project("{8BC9CEB8-8B4A-11D0-8D11-00A0C91BC942}") = "QMM", "QMM\QMM.vcxproj", "{C011E4BC-6F8C-4C02-84EA-8EB1468C5BB6}"
EndProject
Project("{8BC9CEB8-8B4A-11D0-8D11-00A0C91BC942}") = "pdb", "pdb\pdb.vcxproj", "{E5FEEBBA-EDE8-40B7-B61D-34CEFC879254}"
EndProject
Global
	GlobalSection(SolutionConfigurationPlatforms) = preSolution
		Debug|x64 = Debug|x64
		Debug|x86 = Debug|x86
		Release|x64 = Release|x64
		Release|x86 = Release|x86
	EndGlobalSection
	GlobalSection(ProjectConfigurationPlatforms) = postSolution
		{9C1496E8-3922-4160-82C2-12DB9A85C358}.Debug|x64.ActiveCfg = Debug|x64
		{9C1496E8-3922-4160-82C2-12DB9A85C358}.Debug|x64.Build.0 = Debug|x64
		{9C1496E8-3922-4160-82C2-12DB9A85C358}.Debug|x86.ActiveCfg = Debug|Win32
		{9C1496E8-3922-4160-82C2-12DB9A85C358}.Debug|x86.Build.0 = Debug|Win32
		{9C1496E8-3922-4160-82C2-12DB9A85C358}.Release|x64.ActiveCfg = Release|x64
		{9C1496E8-3922-4160-82C2-12DB9A85C358}.Release|x64.Build.0 = Release|x64
		{9C1496E8-3922-4160-82C2-12DB9A85C358}.Release|x86.ActiveCfg = Release|Win32
		{9C1496E8-3922-4160-82C2-12DB9A85C358}.Release|x86.Build.0 = Release|Win32
		{C011E4BC-6F8C-4C02-84EA-8EB1468C5BB6}.Debug|x64.ActiveCfg = Debug|x64
		{C011E4BC-6F8C-4C02-84EA-8EB1468C5BB6}.Debug|x64.Build.0 = Debug|x64
		{C011E4BC-6F8C-4C02-84EA-8EB1468C5BB6}.Debug|x86.ActiveCfg = Debug|Win32
		{C011E4BC-6F8C-4C02-84EA-8EB1468C5BB6}.Debug|x86.Build.0 = Debug|Win32
		{C011E4BC-6F8C-4C02-84EA-8EB1468C5BB6}.Release|x64.ActiveCfg = Release|x64
		{C011E4BC-6F8C-4C02-84EA-8EB1468C5BB6}.Release|x64.Build.0 = Release|x64
		{C011E4BC-6F8C-4C02-84EA-8EB1468C5BB6}.Release|x86.ActiveCfg = Release|Win32
		{C011E4BC-6F8C-4C02-84EA-8EB1468C5BB6}.Release|x86.Build.0 = Release|Win32
		{E5FEEBBA-EDE8-40B7-B61D-34CEFC879254}.Debug|x64.ActiveCfg = Debug|x64
		{E5FEEBBA-EDE8-40B7-B61D-34CEFC879254}.Debug|x64.Build.0 = Debug|x64
		{E5FEEBBA-EDE8-40B7-B61D-34CEFC879254}.Debug|x86.ActiveCfg = Debug|Win32
		{E5FEEBBA-EDE8-40B7-B61D-34CEFC879254}.Debug|x86.Build.0 = Debug|Win32
		{E5FEEBBA-EDE8-40B7-B61D-34CEFC879254}.Release|x64.ActiveCfg = Release|x64
		{E5FEEBBA-EDE8-40B7-B61D-34CEFC879254}.Release|x64.Build.0 = Release|x64
		{E5FEEBBA-EDE8-40B7-B61D-34CEFC879254}.Release|x86.ActiveCfg = Release|Win32
		{E5FEEBBA-EDE8-40B7-B61D-34CEFC879254}.Release|x86.Build.0 = Release|Win32
	EndGlobalSection
	GlobalSection(SolutionProperties) = preSolution
		HideSolutionNode = FALSE
	EndGlobalSection
EndGlobal
